
Microsoft Visual Studio Solution File, Format Version 12.00
# Visual Studio Version 17
VisualStudioVersion = 17.14.36414.22 d17.14
MinimumVisualStudioVersion = 10.0.40219.1
Project("{FAE04EC0-301F-11D3-BF4B-00C04F79EFBC}") = "exerJogoDaVelha", "exerJogoDaVelha\exerJogoDaVelha.csproj", "{28B1493B-785A-4337-974D-CD38EF450E5B}"
EndProject
Global
	GlobalSection(SolutionConfigurationPlatforms) = preSolution
		Debug|Any CPU = Debug|Any CPU
		Release|Any CPU = Release|Any CPU
	EndGlobalSection
	GlobalSection(ProjectConfigurationPlatforms) = postSolution
		{28B1493B-785A-4337-974D-CD38EF450E5B}.Debug|Any CPU.ActiveCfg = Debug|Any CPU
		{28B1493B-785A-4337-974D-CD38EF450E5B}.Debug|Any CPU.Build.0 = Debug|Any CPU
		{28B1493B-785A-4337-974D-CD38EF450E5B}.Release|Any CPU.ActiveCfg = Release|Any CPU
		{28B1493B-785A-4337-974D-CD38EF450E5B}.Release|Any CPU.Build.0 = Release|Any CPU
	EndGlobalSection
	GlobalSection(SolutionProperties) = preSolution
		HideSolutionNode = FALSE
	EndGlobalSection
	GlobalSection(ExtensibilityGlobals) = postSolution
		SolutionGuid = {4D9190A8-4965-45DB-8914-D2D95AAB61EF}
	EndGlobalSection
EndGlobal
